
Microsoft Visual Studio Solution File, Format Version 12.00
# Visual Studio Version 17
VisualStudioVersion = 17.6.33829.357
MinimumVisualStudioVersion = 10.0.40219.1
Project("{FAE04EC0-301F-11D3-BF4B-00C04F79EFBC}") = "snake-game", "snake-game\snake-game.csproj", "{CE415E4A-6CC8-41E4-B84F-B6E2142AA36B}"
EndProject
Global
	GlobalSection(SolutionConfigurationPlatforms) = preSolution
		Debug|Any CPU = Debug|Any CPU
		Release|Any CPU = Release|Any CPU
	EndGlobalSection
	GlobalSection(ProjectConfigurationPlatforms) = postSolution
		{CE415E4A-6CC8-41E4-B84F-B6E2142AA36B}.Debug|Any CPU.ActiveCfg = Debug|Any CPU
		{CE415E4A-6CC8-41E4-B84F-B6E2142AA36B}.Debug|Any CPU.Build.0 = Debug|Any CPU
		{CE415E4A-6CC8-41E4-B84F-B6E2142AA36B}.Release|Any CPU.ActiveCfg = Release|Any CPU
		{CE415E4A-6CC8-41E4-B84F-B6E2142AA36B}.Release|Any CPU.Build.0 = Release|Any CPU
	EndGlobalSection
	GlobalSection(SolutionProperties) = preSolution
		HideSolutionNode = FALSE
	EndGlobalSection
	GlobalSection(ExtensibilityGlobals) = postSolution
		SolutionGuid = {96C9418A-2C78-4871-AAE0-8A5D6F740967}
	EndGlobalSection
EndGlobal
